github.com/google/go-cmp v0.5.5 h1:Khx7svrCpmxxtHBq5j2mp/xVjsi8hQMfNLvJFAlrGgU=
github.com/google/go-cmp v0.5.5/go.mod h1:v8dTdLbMG2kIc/vJvl+f65V22dbkXbowE6jgT/gNBxE=
github.com/google/go-cmp v0.7.0 h1:wk8382ETsv4JYUZwIsn6YpYiWiBsYLSJiTsyBybVuN8=
github.com/heroiclabs/nakama-common v1.43.1 h1:hSecrWBojA+Wzn0yaLRV+eDic2AVjYajSWYE6cvt5Ik=
github.com/heroiclabs/nakama-common v1.43.1/go.mod h1:E4yiMQmn8KHQ77WqBLVUfazdiPnwFYWqUrfGOrqOXk8=
github.com/heroiclabs/nakama-common v1.44.0 h1:xc+OUdKVsGCX43ULMbP59AAhTxGd9nYqZtYoUJzByYw=
github.com/heroiclabs/nakama-common v1.44.0/go.mod h1:E4yiMQmn8KHQ77WqBLVUfazdiPnwFYWqUrfGOrqOXk8=
github.com/heroiclabs/nakama-common v1.44.2 h1:aynrv/lFSI/1N54JxQ81FD80Iw7OL1yLrySwUemOOBU=
github.com/heroiclabs/nakama-common v1.44.2/go.mod h1:/KLxEy4+JdasHJLPt+tAXJJ8eXywWr/J+Q+KY+/vg7E=
golang.org/x/xerrors v0.0.0-20191204190536-9bdfabe68543 h1:E7g+9GITq07hpfrRu66IVDexMakfv52eLZ2CXBWiKr4=
golang.org/x/xerrors v0.0.0-20191204190536-9bdfabe68543/go.mod h1:I/5z698sn9Ka8TeJc9MKroUUfqBBauWjQqLJ2OPfmY0=
google.golang.org/protobuf v1.36.8 h1:xHScyCOEuuwZEc6UtSOvPbAT4zRh0xcNRYekJwfqyMc=
google.golang.org/protobuf v1.36.8/go.mod h1:fuxRtAxBytpl4zzqUh6/eyUujkJdNiuEkXntxiD/uRU=
google.golang.org/protobuf v1.36.11 h1:fV6ZwhNocDyBLK0dj+fg8ektcVegBBuEolpbTQyBNVE=
google.golang.org/protobuf v1.36.11/go.mod h1:HTf+CrKn2C3g5S8VImy6tdcUvCska2kB7j23XfzDpco=
